
Microsoft Visual Studio Solution File, Format Version 12.00
# Visual Studio Version 17
VisualStudioVersion = 17.3.32819.101
MinimumVisualStudioVersion = 10.0.40219.1
Project("{888888A0-9F3D-457C-B088-3A5042F75D52}") = "Kapitel 5 uppgift_4", "Kapitel 5 uppgift_4\Kapitel 5 uppgift_4.pyproj", "{AE5E18C7-1831-4C3E-8DA8-D89979340BCA}"
EndProject
Global
	GlobalSection(SolutionConfigurationPlatforms) = preSolution
		Debug|Any CPU = Debug|Any CPU
		Release|Any CPU = Release|Any CPU
	EndGlobalSection
	GlobalSection(ProjectConfigurationPlatforms) = postSolution
		{AE5E18C7-1831-4C3E-8DA8-D89979340BCA}.Debug|Any CPU.ActiveCfg = Debug|Any CPU
		{AE5E18C7-1831-4C3E-8DA8-D89979340BCA}.Release|Any CPU.ActiveCfg = Release|Any CPU
	EndGlobalSection
	GlobalSection(SolutionProperties) = preSolution
		HideSolutionNode = FALSE
	EndGlobalSection
	GlobalSection(ExtensibilityGlobals) = postSolution
		SolutionGuid = {125A843F-2739-4FB4-9E94-718448FD8449}
	EndGlobalSection
EndGlobal
